
Microsoft Visual Studio Solution File, Format Version 12.00
# Visual Studio Version 17
VisualStudioVersion = 17.5.33530.505
MinimumVisualStudioVersion = 10.0.40219.1
Project("{9A19103F-16F7-4668-BE54-9A1E7A4F7556}") = "Web", "Web\Web.csproj", "{A214EBFF-2C4E-44FC-B09A-90C03809C332}"
EndProject
Global
	GlobalSection(SolutionConfigurationPlatforms) = preSolution
		Debug|Any CPU = Debug|Any CPU
		Release|Any CPU = Release|Any CPU
	EndGlobalSection
	GlobalSection(ProjectConfigurationPlatforms) = postSolution
		{A214EBFF-2C4E-44FC-B09A-90C03809C332}.Debug|Any CPU.ActiveCfg = Debug|Any CPU
		{A214EBFF-2C4E-44FC-B09A-90C03809C332}.Debug|Any CPU.Build.0 = Debug|Any CPU
		{A214EBFF-2C4E-44FC-B09A-90C03809C332}.Release|Any CPU.ActiveCfg = Release|Any CPU
		{A214EBFF-2C4E-44FC-B09A-90C03809C332}.Release|Any CPU.Build.0 = Release|Any CPU
	EndGlobalSection
	GlobalSection(SolutionProperties) = preSolution
		HideSolutionNode = FALSE
	EndGlobalSection
	GlobalSection(ExtensibilityGlobals) = postSolution
		SolutionGuid = {67BFFC88-4988-4F7B-AE08-7EA3B668ECB4}
	EndGlobalSection
EndGlobal
